PODS:
  - Mapbox-iOS-SDK (3.4.0-alpha.4)

DEPENDENCIES:
  - Mapbox-iOS-SDK (from `https://raw.githubusercontent.com/mapbox/mapbox-gl-native/ios-v3.4.0-alpha.4/platform/ios/Mapbox-iOS-SDK.podspec`)

EXTERNAL SOURCES:
  Mapbox-iOS-SDK:
    :podspec: https://raw.githubusercontent.com/mapbox/mapbox-gl-native/ios-v3.4.0-alpha.4/platform/ios/Mapbox-iOS-SDK.podspec

SPEC CHECKSUMS:
  Mapbox-iOS-SDK: b14d722619c333740fdd77818770876df53b70e1

PODFILE CHECKSUM: 0245176a4e1a4c2b2cee52bf222c611ca8a87384

COCOAPODS: 1.1.0.rc.2
