PODS:
  - Mapbox-iOS-SDK (4.7.1)

DEPENDENCIES:
  - Mapbox-iOS-SDK (~> 4.7.0)

SPEC REPOS:
  https://github.com/cocoapods/specs.git:
    - Mapbox-iOS-SDK

SPEC CHECKSUMS:
  Mapbox-iOS-SDK: f9292a75e8cd5eb828f4432623bfc48aac42146a

PODFILE CHECKSUM: 794dbc75e066fe8cd6963d57fc44247aa47f7bbd

COCOAPODS: 1.6.0.beta.2
