// !$*UTF8*$!
{
	archiveVersion = 1;
	classes = {
	};
	objectVersion = 46;
	objects = {

/* Begin PBXBuildFile section */
		34F71EC1010C97CEB0D25CC2 /* libPods-ambient-light.a in Frameworks */ = {isa = PBXBuildFile; fileRef = 94960F139DCA5374C8A53E8A /* libPods-ambient-light.a */; };
		96992E7C1B111DF9008978C0 /* main.m in Sources */ = {isa = PBXBuildFile; fileRef = 96992E7B1B111DF9008978C0 /* main.m */; };
		96992E7F1B111DF9008978C0 /* AppDelegate.m in Sources */ = {isa = PBXBuildFile; fileRef = 96992E7E1B111DF9008978C0 /* AppDelegate.m */; };
		96992E821B111DF9008978C0 /* ViewController.m in Sources */ = {isa = PBXBuildFile; fileRef = 96992E811B111DF9008978C0 /* ViewController.m */; };
		96992E851B111DF9008978C0 /* Main.storyboard in Resources */ = {isa = PBXBuildFile; fileRef = 96992E831B111DF9008978C0 /* Main.storyboard */; };
		96BAF2661B111FB60085B879 /* Settings.bundle in Resources */ = {isa = PBXBuildFile; fileRef = 96BAF2651B111FB60085B879 /* Settings.bundle */; };
		96BAF26C1B112DCA0085B879 /* Images.xcassets in Resources */ = {isa = PBXBuildFile; fileRef = 96BAF26B1B112DCA0085B879 /* Images.xcassets */; };
		96BAF26E1B112FFC0085B879 /* LaunchScreen.xib in Resources */ = {isa = PBXBuildFile; fileRef = 96BAF26D1B112FFC0085B879 /* LaunchScreen.xib */; };
/* End PBXBuildFile section */

/* Begin PBXFileReference section */
		2CB48DAED937744787AB1458 /* Pods-ambient-light.release.xcconfig */ = {isa = PBXFileReference; includeInIndex = 1; lastKnownFileType = text.xcconfig; name = "Pods-ambient-light.release.xcconfig"; path = "Pods/Target Support Files/Pods-ambient-light/Pods-ambient-light.release.xcconfig"; sourceTree = "<group>"; };
		35C5F58BF77E9A2BE342231F /* libPods-Ambient Light.a */ = {isa = PBXFileReference; explicitFileType = archive.ar; includeInIndex = 0; path = "libPods-Ambient Light.a"; sourceTree = BUILT_PRODUCTS_DIR; };
		5F35264895921262843EF633 /* Pods-Ambient Light.debug.xcconfig */ = {isa = PBXFileReference; includeInIndex = 1; lastKnownFileType = text.xcconfig; name = "Pods-Ambient Light.debug.xcconfig"; path = "Pods/Target Support Files/Pods-Ambient Light/Pods-Ambient Light.debug.xcconfig"; sourceTree = "<group>"; };
		88B7DD89AA10637846E1A344 /* Pods-Ambient Light.release.xcconfig */ = {isa = PBXFileReference; includeInIndex = 1; lastKnownFileType = text.xcconfig; name = "Pods-Ambient Light.release.xcconfig"; path = "Pods/Target Support Files/Pods-Ambient Light/Pods-Ambient Light.release.xcconfig"; sourceTree = "<group>"; };
		94960F139DCA5374C8A53E8A /* libPods-ambient-light.a */ = {isa = PBXFileReference; explicitFileType = archive.ar; includeInIndex = 0; path = "libPods-ambient-light.a"; sourceTree = BUILT_PRODUCTS_DIR; };
		96992E761B111DF9008978C0 /* ambient-light.app */ = {isa = PBXFileReference; explicitFileType = wrapper.application; includeInIndex = 0; path = "ambient-light.app"; sourceTree = BUILT_PRODUCTS_DIR; };
		96992E7A1B111DF9008978C0 /* Info.plist */ = {isa = PBXFileReference; lastKnownFileType = text.plist.xml; path = Info.plist; sourceTree = "<group>"; };
		96992E7B1B111DF9008978C0 /* main.m */ = {isa = PBXFileReference; lastKnownFileType = sourcecode.c.objc; path = main.m; sourceTree = "<group>"; };
		96992E7D1B111DF9008978C0 /* AppDelegate.h */ = {isa = PBXFileReference; lastKnownFileType = sourcecode.c.h; path = AppDelegate.h; sourceTree = "<group>"; };
		96992E7E1B111DF9008978C0 /* AppDelegate.m */ = {isa = PBXFileReference; lastKnownFileType = sourcecode.c.objc; path = AppDelegate.m; sourceTree = "<group>"; };
		96992E801B111DF9008978C0 /* ViewController.h */ = {isa = PBXFileReference; lastKnownFileType = sourcecode.c.h; path = ViewController.h; sourceTree = "<group>"; };
		96992E811B111DF9008978C0 /* ViewController.m */ = {isa = PBXFileReference; lastKnownFileType = sourcecode.c.objc; path = ViewController.m; sourceTree = "<group>"; };
		96992E841B111DF9008978C0 /* Base */ = {isa = PBXFileReference; lastKnownFileType = file.storyboard; name = Base; path = Base.lproj/Main.storyboard; sourceTree = "<group>"; };
		96BAF2651B111FB60085B879 /* Settings.bundle */ = {isa = PBXFileReference; lastKnownFileType = "wrapper.plug-in"; path = Settings.bundle; sourceTree = "<group>"; };
		96BAF26B1B112DCA0085B879 /* Images.xcassets */ = {isa = PBXFileReference; lastKnownFileType = folder.assetcatalog; path = Images.xcassets; sourceTree = "<group>"; };
		96BAF26D1B112FFC0085B879 /* LaunchScreen.xib */ = {isa = PBXFileReference; fileEncoding = 4; lastKnownFileType = file.xib; path = LaunchScreen.xib; sourceTree = "<group>"; };
		A8E675F28FAD223D18D3B6BD /* Pods-ambient-light.debug.xcconfig */ = {isa = PBXFileReference; includeInIndex = 1; lastKnownFileType = text.xcconfig; name = "Pods-ambient-light.debug.xcconfig"; path = "Pods/Target Support Files/Pods-ambient-light/Pods-ambient-light.debug.xcconfig"; sourceTree = "<group>"; };
		E3D1F00D82A16E758D095534 /* Pods.framework */ = {isa = PBXFileReference; explicitFileType = wrapper.framework; includeInIndex = 0; path = Pods.framework; sourceTree = BUILT_PRODUCTS_DIR; };
/* End PBXFileReference section */

/* Begin PBXFrameworksBuildPhase section */
		96992E731B111DF9008978C0 /* Frameworks */ = {
			isa = PBXFrameworksBuildPhase;
			buildActionMask = 2147483647;
			files = (
				34F71EC1010C97CEB0D25CC2 /* libPods-ambient-light.a in Frameworks */,
			);
			runOnlyForDeploymentPostprocessing = 0;
		};
/* End PBXFrameworksBuildPhase section */

/* Begin PBXGroup section */
		547353B42840F4CC1696E240 /* Pods */ = {
			isa = PBXGroup;
			children = (
				5F35264895921262843EF633 /* Pods-Ambient Light.debug.xcconfig */,
				88B7DD89AA10637846E1A344 /* Pods-Ambient Light.release.xcconfig */,
				A8E675F28FAD223D18D3B6BD /* Pods-ambient-light.debug.xcconfig */,
				2CB48DAED937744787AB1458 /* Pods-ambient-light.release.xcconfig */,
			);
			name = Pods;
			sourceTree = "<group>";
		};
		96992E6D1B111DF9008978C0 = {
			isa = PBXGroup;
			children = (
				96992E781B111DF9008978C0 /* ambient-light */,
				96992E771B111DF9008978C0 /* Products */,
				A8A4055052BE599B8158027F /* Frameworks */,
				547353B42840F4CC1696E240 /* Pods */,
			);
			sourceTree = "<group>";
		};
		96992E771B111DF9008978C0 /* Products */ = {
			isa = PBXGroup;
			children = (
				96992E761B111DF9008978C0 /* ambient-light.app */,
			);
			name = Products;
			sourceTree = "<group>";
		};
		96992E781B111DF9008978C0 /* ambient-light */ = {
			isa = PBXGroup;
			children = (
				96992E7D1B111DF9008978C0 /* AppDelegate.h */,
				96992E7E1B111DF9008978C0 /* AppDelegate.m */,
				96992E801B111DF9008978C0 /* ViewController.h */,
				96992E811B111DF9008978C0 /* ViewController.m */,
				96992E831B111DF9008978C0 /* Main.storyboard */,
				96992E791B111DF9008978C0 /* Supporting Files */,
			);
			path = "ambient-light";
			sourceTree = "<group>";
		};
		96992E791B111DF9008978C0 /* Supporting Files */ = {
			isa = PBXGroup;
			children = (
				96BAF26B1B112DCA0085B879 /* Images.xcassets */,
				96992E7A1B111DF9008978C0 /* Info.plist */,
				96BAF26D1B112FFC0085B879 /* LaunchScreen.xib */,
				96992E7B1B111DF9008978C0 /* main.m */,
				96BAF2651B111FB60085B879 /* Settings.bundle */,
			);
			name = "Supporting Files";
			sourceTree = "<group>";
		};
		A8A4055052BE599B8158027F /* Frameworks */ = {
			isa = PBXGroup;
			children = (
				E3D1F00D82A16E758D095534 /* Pods.framework */,
				35C5F58BF77E9A2BE342231F /* libPods-Ambient Light.a */,
				94960F139DCA5374C8A53E8A /* libPods-ambient-light.a */,
			);
			name = Frameworks;
			sourceTree = "<group>";
		};
/* End PBXGroup section */

/* Begin PBXNativeTarget section */
		96992E751B111DF9008978C0 /* ambient-light */ = {
			isa = PBXNativeTarget;
			buildConfigurationList = 96992E991B111DF9008978C0 /* Build configuration list for PBXNativeTarget "ambient-light" */;
			buildPhases = (
				FFE999AF242E88C47D585C34 /* [CP] Check Pods Manifest.lock */,
				96992E721B111DF9008978C0 /* Sources */,
				96992E731B111DF9008978C0 /* Frameworks */,
				96992E741B111DF9008978C0 /* Resources */,
				4118026732585009EAE66D4A /* [CP] Embed Pods Frameworks */,
				4B5D250B2BD58B8D625BC446 /* [CP] Copy Pods Resources */,
			);
			buildRules = (
			);
			dependencies = (
			);
			name = "ambient-light";
			productName = "ambient-light";
			productReference = 96992E761B111DF9008978C0 /* ambient-light.app */;
			productType = "com.apple.product-type.application";
		};
/* End PBXNativeTarget section */

/* Begin PBXProject section */
		96992E6E1B111DF9008978C0 /* Project object */ = {
			isa = PBXProject;
			attributes = {
				LastUpgradeCheck = 0810;
				ORGANIZATIONNAME = Mapbox;
				TargetAttributes = {
					96992E751B111DF9008978C0 = {
						CreatedOnToolsVersion = 6.3.2;
					};
				};
			};
			buildConfigurationList = 96992E711B111DF9008978C0 /* Build configuration list for PBXProject "ambient-light" */;
			compatibilityVersion = "Xcode 3.2";
			developmentRegion = English;
			hasScannedForEncodings = 0;
			knownRegions = (
				en,
				Base,
			);
			mainGroup = 96992E6D1B111DF9008978C0;
			productRefGroup = 96992E771B111DF9008978C0 /* Products */;
			projectDirPath = "";
			projectRoot = "";
			targets = (
				96992E751B111DF9008978C0 /* ambient-light */,
			);
		};
/* End PBXProject section */

/* Begin PBXResourcesBuildPhase section */
		96992E741B111DF9008978C0 /* Resources */ = {
			isa = PBXResourcesBuildPhase;
			buildActionMask = 2147483647;
			files = (
				96BAF26E1B112FFC0085B879 /* LaunchScreen.xib in Resources */,
				96BAF26C1B112DCA0085B879 /* Images.xcassets in Resources */,
				96992E851B111DF9008978C0 /* Main.storyboard in Resources */,
				96BAF2661B111FB60085B879 /* Settings.bundle in Resources */,
			);
			runOnlyForDeploymentPostprocessing = 0;
		};
/* End PBXResourcesBuildPhase section */

/* Begin PBXShellScriptBuildPhase section */
		4118026732585009EAE66D4A /* [CP] Embed Pods Frameworks */ = {
			isa = PBXShellScriptBuildPhase;
			buildActionMask = 2147483647;
			files = (
			);
			inputPaths = (
			);
			name = "[CP] Embed Pods Frameworks";
			outputPaths = (
			);
			runOnlyForDeploymentPostprocessing = 0;
			shellPath = /bin/sh;
			shellScript = "\"${SRCROOT}/Pods/Target Support Files/Pods-ambient-light/Pods-ambient-light-frameworks.sh\"\n";
			showEnvVarsInLog = 0;
		};
		4B5D250B2BD58B8D625BC446 /* [CP] Copy Pods Resources */ = {
			isa = PBXShellScriptBuildPhase;
			buildActionMask = 2147483647;
			files = (
			);
			inputPaths = (
			);
			name = "[CP] Copy Pods Resources";
			outputPaths = (
			);
			runOnlyForDeploymentPostprocessing = 0;
			shellPath = /bin/sh;
			shellScript = "\"${SRCROOT}/Pods/Target Support Files/Pods-ambient-light/Pods-ambient-light-resources.sh\"\n";
			showEnvVarsInLog = 0;
		};
		FFE999AF242E88C47D585C34 /* [CP] Check Pods Manifest.lock */ = {
			isa = PBXShellScriptBuildPhase;
			buildActionMask = 2147483647;
			files = (
			);
			inputPaths = (
			);
			name = "[CP] Check Pods Manifest.lock";
			outputPaths = (
			);
			runOnlyForDeploymentPostprocessing = 0;
			shellPath = /bin/sh;
			shellScript = "diff \"${PODS_ROOT}/../Podfile.lock\" \"${PODS_ROOT}/Manifest.lock\" > /dev/null\nif [ $? != 0 ] ; then\n    # print error to STDERR\n    echo \"error: The sandbox is not in sync with the Podfile.lock. Run 'pod install' or update your CocoaPods installation.\" >&2\n    exit 1\nfi\n";
			showEnvVarsInLog = 0;
		};
/* End PBXShellScriptBuildPhase section */

/* Begin PBXSourcesBuildPhase section */
		96992E721B111DF9008978C0 /* Sources */ = {
			isa = PBXSourcesBuildPhase;
			buildActionMask = 2147483647;
			files = (
				96992E821B111DF9008978C0 /* ViewController.m in Sources */,
				96992E7F1B111DF9008978C0 /* AppDelegate.m in Sources */,
				96992E7C1B111DF9008978C0 /* main.m in Sources */,
			);
			runOnlyForDeploymentPostprocessing = 0;
		};
/* End PBXSourcesBuildPhase section */

/* Begin PBXVariantGroup section */
		96992E831B111DF9008978C0 /* Main.storyboard */ = {
			isa = PBXVariantGroup;
			children = (
				96992E841B111DF9008978C0 /* Base */,
			);
			name = Main.storyboard;
			sourceTree = "<group>";
		};
/* End PBXVariantGroup section */

/* Begin XCBuildConfiguration section */
		96992E971B111DF9008978C0 /* Debug */ = {
			isa = XCBuildConfiguration;
			buildSettings = {
				ALWAYS_SEARCH_USER_PATHS = NO;
				CLANG_CXX_LANGUAGE_STANDARD = "gnu++0x";
				CLANG_CXX_LIBRARY = "libc++";
				CLANG_ENABLE_MODULES = YES;
				CLANG_ENABLE_OBJC_ARC = YES;
				CLANG_WARN_BOOL_CONVERSION = YES;
				CLANG_WARN_CONSTANT_CONVERSION = YES;
				CLANG_WARN_DIRECT_OBJC_ISA_USAGE = YES_ERROR;
				CLANG_WARN_EMPTY_BODY = YES;
				CLANG_WARN_ENUM_CONVERSION = YES;
				CLANG_WARN_INFINITE_RECURSION = YES;
				CLANG_WARN_INT_CONVERSION = YES;
				CLANG_WARN_OBJC_ROOT_CLASS = YES_ERROR;
				CLANG_WARN_SUSPICIOUS_MOVE = YES;
				CLANG_WARN_UNREACHABLE_CODE = YES;
				CLANG_WARN__DUPLICATE_METHOD_MATCH = YES;
				"CODE_SIGN_IDENTITY[sdk=iphoneos*]" = "iPhone Developer";
				COPY_PHASE_STRIP = NO;
				DEBUG_INFORMATION_FORMAT = "dwarf-with-dsym";
				ENABLE_STRICT_OBJC_MSGSEND = YES;
				ENABLE_TESTABILITY = YES;
				GCC_C_LANGUAGE_STANDARD = gnu99;
				GCC_DYNAMIC_NO_PIC = NO;
				GCC_NO_COMMON_BLOCKS = YES;
				GCC_OPTIMIZATION_LEVEL = 0;
				GCC_PREPROCESSOR_DEFINITIONS = (
					"DEBUG=1",
					"$(inherited)",
				);
				GCC_SYMBOLS_PRIVATE_EXTERN = NO;
				GCC_WARN_64_TO_32_BIT_CONVERSION = YES;
				GCC_WARN_ABOUT_RETURN_TYPE = YES_ERROR;
				GCC_WARN_UNDECLARED_SELECTOR = YES;
				GCC_WARN_UNINITIALIZED_AUTOS = YES_AGGRESSIVE;
				GCC_WARN_UNUSED_FUNCTION = YES;
				GCC_WARN_UNUSED_VARIABLE = YES;
				IPHONEOS_DEPLOYMENT_TARGET = 8.0;
				MTL_ENABLE_DEBUG_INFO = YES;
				ONLY_ACTIVE_ARCH = YES;
				SDKROOT = iphoneos;
				TARGETED_DEVICE_FAMILY = "1,2";
			};
			name = Debug;
		};
		96992E981B111DF9008978C0 /* Release */ = {
			isa = XCBuildConfiguration;
			buildSettings = {
				ALWAYS_SEARCH_USER_PATHS = NO;
				CLANG_CXX_LANGUAGE_STANDARD = "gnu++0x";
				CLANG_CXX_LIBRARY = "libc++";
				CLANG_ENABLE_MODULES = YES;
				CLANG_ENABLE_OBJC_ARC = YES;
				CLANG_WARN_BOOL_CONVERSION = YES;
				CLANG_WARN_CONSTANT_CONVERSION = YES;
				CLANG_WARN_DIRECT_OBJC_ISA_USAGE = YES_ERROR;
				CLANG_WARN_EMPTY_BODY = YES;
				CLANG_WARN_ENUM_CONVERSION = YES;
				CLANG_WARN_INFINITE_RECURSION = YES;
				CLANG_WARN_INT_CONVERSION = YES;
				CLANG_WARN_OBJC_ROOT_CLASS = YES_ERROR;
				CLANG_WARN_SUSPICIOUS_MOVE = YES;
				CLANG_WARN_UNREACHABLE_CODE = YES;
				CLANG_WARN__DUPLICATE_METHOD_MATCH = YES;
				"CODE_SIGN_IDENTITY[sdk=iphoneos*]" = "iPhone Developer";
				COPY_PHASE_STRIP = NO;
				DEBUG_INFORMATION_FORMAT = "dwarf-with-dsym";
				ENABLE_NS_ASSERTIONS = NO;
				ENABLE_STRICT_OBJC_MSGSEND = YES;
				GCC_C_LANGUAGE_STANDARD = gnu99;
				GCC_NO_COMMON_BLOCKS = YES;
				GCC_WARN_64_TO_32_BIT_CONVERSION = YES;
				GCC_WARN_ABOUT_RETURN_TYPE = YES_ERROR;
				GCC_WARN_UNDECLARED_SELECTOR = YES;
				GCC_WARN_UNINITIALIZED_AUTOS = YES_AGGRESSIVE;
				GCC_WARN_UNUSED_FUNCTION = YES;
				GCC_WARN_UNUSED_VARIABLE = YES;
				IPHONEOS_DEPLOYMENT_TARGET = 8.0;
				MTL_ENABLE_DEBUG_INFO = NO;
				SDKROOT = iphoneos;
				TARGETED_DEVICE_FAMILY = "1,2";
				VALIDATE_PRODUCT = YES;
			};
			name = Release;
		};
		96992E9A1B111DF9008978C0 /* Debug */ = {
			isa = XCBuildConfiguration;
			baseConfigurationReference = A8E675F28FAD223D18D3B6BD /* Pods-ambient-light.debug.xcconfig */;
			buildSettings = {
				ASSETCATALOG_COMPILER_APPICON_NAME = AppIcon;
				DEVELOPMENT_TEAM = "";
				ENABLE_BITCODE = YES;
				INFOPLIST_FILE = "ambient-light/Info.plist";
				IPHONEOS_DEPLOYMENT_TARGET = 8.0;
				LD_RUNPATH_SEARCH_PATHS = "$(inherited) @executable_path/Frameworks";
				PRODUCT_BUNDLE_IDENTIFIER = "com.mapbox.$(PRODUCT_NAME:rfc1034identifier)";
				PRODUCT_NAME = "$(TARGET_NAME)";
				TARGETED_DEVICE_FAMILY = "1,2";
			};
			name = Debug;
		};
		96992E9B1B111DF9008978C0 /* Release */ = {
			isa = XCBuildConfiguration;
			baseConfigurationReference = 2CB48DAED937744787AB1458 /* Pods-ambient-light.release.xcconfig */;
			buildSettings = {
				ASSETCATALOG_COMPILER_APPICON_NAME = AppIcon;
				DEVELOPMENT_TEAM = "";
				ENABLE_BITCODE = YES;
				INFOPLIST_FILE = "ambient-light/Info.plist";
				IPHONEOS_DEPLOYMENT_TARGET = 8.0;
				LD_RUNPATH_SEARCH_PATHS = "$(inherited) @executable_path/Frameworks";
				PRODUCT_BUNDLE_IDENTIFIER = "com.mapbox.$(PRODUCT_NAME:rfc1034identifier)";
				PRODUCT_NAME = "$(TARGET_NAME)";
				TARGETED_DEVICE_FAMILY = "1,2";
			};
			name = Release;
		};
/* End XCBuildConfiguration section */

/* Begin XCConfigurationList section */
		96992E711B111DF9008978C0 /* Build configuration list for PBXProject "ambient-light" */ = {
			isa = XCConfigurationList;
			buildConfigurations = (
				96992E971B111DF9008978C0 /* Debug */,
				96992E981B111DF9008978C0 /* Release */,
			);
			defaultConfigurationIsVisible = 0;
			defaultConfigurationName = Release;
		};
		96992E991B111DF9008978C0 /* Build configuration list for PBXNativeTarget "ambient-light" */ = {
			isa = XCConfigurationList;
			buildConfigurations = (
				96992E9A1B111DF9008978C0 /* Debug */,
				96992E9B1B111DF9008978C0 /* Release */,
			);
			defaultConfigurationIsVisible = 0;
			defaultConfigurationName = Release;
		};
/* End XCConfigurationList section */
	};
	rootObject = 96992E6E1B111DF9008978C0 /* Project object */;
}
